
Microsoft Visual Studio Solution File, Format Version 12.00
# Visual Studio 14
VisualStudioVersion = 14.0.24720.0
MinimumVisualStudioVersion = 10.0.40219.1
Project("{FAE04EC0-301F-11D3-BF4B-00C04F79EFBC}") = "BusinessEntity", "BusinessEntity\BusinessEntity.csproj", "{99521D42-012B-4BE0-A6C1-9B5BF03284BA}"
EndProject
Project("{FAE04EC0-301F-11D3-BF4B-00C04F79EFBC}") = "BusinessLogic", "BusinessLogic\BusinessLogic.csproj", "{61C5C143-A59E-4C72-B827-363FE97C8CFA}"
EndProject
Project("{FAE04EC0-301F-11D3-BF4B-00C04F79EFBC}") = "DataAccess", "DataAccess\DataAccess.csproj", "{B96029D6-83B9-4423-A4FF-A01FA72A93A5}"
EndProject
Project("{FAE04EC0-301F-11D3-BF4B-00C04F79EFBC}") = "WinForms", "WinForms\WinForms.csproj", "{D62C222F-332A-4973-9B4F-E335C28527C6}"
EndProject
Project("{FAE04EC0-301F-11D3-BF4B-00C04F79EFBC}") = "UserCode", "UserCode\UserCode.csproj", "{1D60F7C1-3967-46D7-A831-AB7A28E15F9A}"
EndProject
Global
	GlobalSection(SolutionConfigurationPlatforms) = preSolution
		CD_ROM|Any CPU = CD_ROM|Any CPU
		Debug|Any CPU = Debug|Any CPU
		DVD-5|Any CPU = DVD-5|Any CPU
		Release|Any CPU = Release|Any CPU
		SingleImage|Any CPU = SingleImage|Any CPU
	EndGlobalSection
	GlobalSection(ProjectConfigurationPlatforms) = postSolution
		{99521D42-012B-4BE0-A6C1-9B5BF03284BA}.CD_ROM|Any CPU.ActiveCfg = Release|Any CPU
		{99521D42-012B-4BE0-A6C1-9B5BF03284BA}.CD_ROM|Any CPU.Build.0 = Release|Any CPU
		{99521D42-012B-4BE0-A6C1-9B5BF03284BA}.Debug|Any CPU.ActiveCfg = Debug|Any CPU
		{99521D42-012B-4BE0-A6C1-9B5BF03284BA}.Debug|Any CPU.Build.0 = Debug|Any CPU
		{99521D42-012B-4BE0-A6C1-9B5BF03284BA}.DVD-5|Any CPU.ActiveCfg = Debug|Any CPU
		{99521D42-012B-4BE0-A6C1-9B5BF03284BA}.DVD-5|Any CPU.Build.0 = Debug|Any CPU
		{99521D42-012B-4BE0-A6C1-9B5BF03284BA}.Release|Any CPU.ActiveCfg = Release|Any CPU
		{99521D42-012B-4BE0-A6C1-9B5BF03284BA}.Release|Any CPU.Build.0 = Release|Any CPU
		{99521D42-012B-4BE0-A6C1-9B5BF03284BA}.SingleImage|Any CPU.ActiveCfg = Release|Any CPU
		{99521D42-012B-4BE0-A6C1-9B5BF03284BA}.SingleImage|Any CPU.Build.0 = Release|Any CPU
		{61C5C143-A59E-4C72-B827-363FE97C8CFA}.CD_ROM|Any CPU.ActiveCfg = Release|Any CPU
		{61C5C143-A59E-4C72-B827-363FE97C8CFA}.CD_ROM|Any CPU.Build.0 = Release|Any CPU
		{61C5C143-A59E-4C72-B827-363FE97C8CFA}.Debug|Any CPU.ActiveCfg = Debug|Any CPU
		{61C5C143-A59E-4C72-B827-363FE97C8CFA}.Debug|Any CPU.Build.0 = Debug|Any CPU
		{61C5C143-A59E-4C72-B827-363FE97C8CFA}.DVD-5|Any CPU.ActiveCfg = Debug|Any CPU
		{61C5C143-A59E-4C72-B827-363FE97C8CFA}.DVD-5|Any CPU.Build.0 = Debug|Any CPU
		{61C5C143-A59E-4C72-B827-363FE97C8CFA}.Release|Any CPU.ActiveCfg = Release|Any CPU
		{61C5C143-A59E-4C72-B827-363FE97C8CFA}.Release|Any CPU.Build.0 = Release|Any CPU
		{61C5C143-A59E-4C72-B827-363FE97C8CFA}.SingleImage|Any CPU.ActiveCfg = Release|Any CPU
		{61C5C143-A59E-4C72-B827-363FE97C8CFA}.SingleImage|Any CPU.Build.0 = Release|Any CPU
		{B96029D6-83B9-4423-A4FF-A01FA72A93A5}.CD_ROM|Any CPU.ActiveCfg = Release|Any CPU
		{B96029D6-83B9-4423-A4FF-A01FA72A93A5}.CD_ROM|Any CPU.Build.0 = Release|Any CPU
		{B96029D6-83B9-4423-A4FF-A01FA72A93A5}.Debug|Any CPU.ActiveCfg = Debug|Any CPU
		{B96029D6-83B9-4423-A4FF-A01FA72A93A5}.Debug|Any CPU.Build.0 = Debug|Any CPU
		{B96029D6-83B9-4423-A4FF-A01FA72A93A5}.DVD-5|Any CPU.ActiveCfg = Debug|Any CPU
		{B96029D6-83B9-4423-A4FF-A01FA72A93A5}.DVD-5|Any CPU.Build.0 = Debug|Any CPU
		{B96029D6-83B9-4423-A4FF-A01FA72A93A5}.Release|Any CPU.ActiveCfg = Release|Any CPU
		{B96029D6-83B9-4423-A4FF-A01FA72A93A5}.Release|Any CPU.Build.0 = Release|Any CPU
		{B96029D6-83B9-4423-A4FF-A01FA72A93A5}.SingleImage|Any CPU.ActiveCfg = Release|Any CPU
		{B96029D6-83B9-4423-A4FF-A01FA72A93A5}.SingleImage|Any CPU.Build.0 = Release|Any CPU
		{D62C222F-332A-4973-9B4F-E335C28527C6}.CD_ROM|Any CPU.ActiveCfg = Release|Any CPU
		{D62C222F-332A-4973-9B4F-E335C28527C6}.CD_ROM|Any CPU.Build.0 = Release|Any CPU
		{D62C222F-332A-4973-9B4F-E335C28527C6}.Debug|Any CPU.ActiveCfg = Debug|Any CPU
		{D62C222F-332A-4973-9B4F-E335C28527C6}.Debug|Any CPU.Build.0 = Debug|Any CPU
		{D62C222F-332A-4973-9B4F-E335C28527C6}.DVD-5|Any CPU.ActiveCfg = Debug|Any CPU
		{D62C222F-332A-4973-9B4F-E335C28527C6}.DVD-5|Any CPU.Build.0 = Debug|Any CPU
		{D62C222F-332A-4973-9B4F-E335C28527C6}.Release|Any CPU.ActiveCfg = Release|Any CPU
		{D62C222F-332A-4973-9B4F-E335C28527C6}.Release|Any CPU.Build.0 = Release|Any CPU
		{D62C222F-332A-4973-9B4F-E335C28527C6}.SingleImage|Any CPU.ActiveCfg = Release|Any CPU
		{D62C222F-332A-4973-9B4F-E335C28527C6}.SingleImage|Any CPU.Build.0 = Release|Any CPU
		{1D60F7C1-3967-46D7-A831-AB7A28E15F9A}.CD_ROM|Any CPU.ActiveCfg = Release|Any CPU
		{1D60F7C1-3967-46D7-A831-AB7A28E15F9A}.CD_ROM|Any CPU.Build.0 = Release|Any CPU
		{1D60F7C1-3967-46D7-A831-AB7A28E15F9A}.Debug|Any CPU.ActiveCfg = Debug|Any CPU
		{1D60F7C1-3967-46D7-A831-AB7A28E15F9A}.Debug|Any CPU.Build.0 = Debug|Any CPU
		{1D60F7C1-3967-46D7-A831-AB7A28E15F9A}.DVD-5|Any CPU.ActiveCfg = Debug|Any CPU
		{1D60F7C1-3967-46D7-A831-AB7A28E15F9A}.DVD-5|Any CPU.Build.0 = Debug|Any CPU
		{1D60F7C1-3967-46D7-A831-AB7A28E15F9A}.Release|Any CPU.ActiveCfg = Release|Any CPU
		{1D60F7C1-3967-46D7-A831-AB7A28E15F9A}.Release|Any CPU.Build.0 = Release|Any CPU
		{1D60F7C1-3967-46D7-A831-AB7A28E15F9A}.SingleImage|Any CPU.ActiveCfg = Release|Any CPU
		{1D60F7C1-3967-46D7-A831-AB7A28E15F9A}.SingleImage|Any CPU.Build.0 = Release|Any CPU
	EndGlobalSection
	GlobalSection(SolutionProperties) = preSolution
		HideSolutionNode = FALSE
	EndGlobalSection
EndGlobal
